
Microsoft Visual Studio Solution File, Format Version 12.00
# Visual Studio Version 17
VisualStudioVersion = 17.1.32319.34
MinimumVisualStudioVersion = 10.0.40219.1
Project("{FAE04EC0-301F-11D3-BF4B-00C04F79EFBC}") = "WebApplication1", "WebApplication1\WebApplication1.csproj", "{40E20077-EF59-4D25-A658-DEFE182E3E07}"
EndProject
Global
	GlobalSection(SolutionConfigurationPlatforms) = preSolution
		Debug|Any CPU = Debug|Any CPU
		Release|Any CPU = Release|Any CPU
	EndGlobalSection
	GlobalSection(ProjectConfigurationPlatforms) = postSolution
		{40E20077-EF59-4D25-A658-DEFE182E3E07}.Debug|Any CPU.ActiveCfg = Debug|Any CPU
		{40E20077-EF59-4D25-A658-DEFE182E3E07}.Debug|Any CPU.Build.0 = Debug|Any CPU
		{40E20077-EF59-4D25-A658-DEFE182E3E07}.Release|Any CPU.ActiveCfg = Release|Any CPU
		{40E20077-EF59-4D25-A658-DEFE182E3E07}.Release|Any CPU.Build.0 = Release|Any CPU
	EndGlobalSection
	GlobalSection(SolutionProperties) = preSolution
		HideSolutionNode = FALSE
	EndGlobalSection
	GlobalSection(ExtensibilityGlobals) = postSolution
		SolutionGuid = {24787975-9DE4-473D-AA97-F4B5C0A46464}
	EndGlobalSection
EndGlobal
